
Microsoft Visual Studio Solution File, Format Version 12.00
# Visual Studio Version 17
VisualStudioVersion = 17.0.31903.59
MinimumVisualStudioVersion = 10.0.40219.1
Project("{2150E333-8FDC-42A3-9474-1A3956D46DE8}") = "src", "src", "{827E0CD3-B72D-47B6-A68D-7590B98EB39B}"
EndProject
Project("{FAE04EC0-301F-11D3-BF4B-00C04F79EFBC}") = "VTS.DAL", "src\VTS.DAL\VTS.DAL.csproj", "{D76795BE-2348-40A4-B300-0628D950ECFA}"
EndProject
Project("{FAE04EC0-301F-11D3-BF4B-00C04F79EFBC}") = "VTS.BLL", "src\VTS.BLL\VTS.BLL.csproj", "{7682D0F1-A820-455E-90B7-08AFE5985C36}"
EndProject
Project("{FAE04EC0-301F-11D3-BF4B-00C04F79EFBC}") = "VTS.Common", "src\VTS.Common\VTS.Common.csproj", "{F5B6B189-75E4-4139-92E9-0AB0052B9A10}"
EndProject
Project("{FAE04EC0-301F-11D3-BF4B-00C04F79EFBC}") = "VTS.API", "src\VTS.API\VTS.API.csproj", "{5F401BD0-B4D0-4579-9937-E3E81552A687}"
EndProject
Global
	GlobalSection(SolutionConfigurationPlatforms) = preSolution
		Debug|Any CPU = Debug|Any CPU
		Debug|x64 = Debug|x64
		Debug|x86 = Debug|x86
		Release|Any CPU = Release|Any CPU
		Release|x64 = Release|x64
		Release|x86 = Release|x86
	EndGlobalSection
	GlobalSection(ProjectConfigurationPlatforms) = postSolution
		{D76795BE-2348-40A4-B300-0628D950ECFA}.Debug|Any CPU.ActiveCfg = Debug|Any CPU
		{D76795BE-2348-40A4-B300-0628D950ECFA}.Debug|Any CPU.Build.0 = Debug|Any CPU
		{D76795BE-2348-40A4-B300-0628D950ECFA}.Debug|x64.ActiveCfg = Debug|Any CPU
		{D76795BE-2348-40A4-B300-0628D950ECFA}.Debug|x64.Build.0 = Debug|Any CPU
		{D76795BE-2348-40A4-B300-0628D950ECFA}.Debug|x86.ActiveCfg = Debug|Any CPU
		{D76795BE-2348-40A4-B300-0628D950ECFA}.Debug|x86.Build.0 = Debug|Any CPU
		{D76795BE-2348-40A4-B300-0628D950ECFA}.Release|Any CPU.ActiveCfg = Release|Any CPU
		{D76795BE-2348-40A4-B300-0628D950ECFA}.Release|Any CPU.Build.0 = Release|Any CPU
		{D76795BE-2348-40A4-B300-0628D950ECFA}.Release|x64.ActiveCfg = Release|Any CPU
		{D76795BE-2348-40A4-B300-0628D950ECFA}.Release|x64.Build.0 = Release|Any CPU
		{D76795BE-2348-40A4-B300-0628D950ECFA}.Release|x86.ActiveCfg = Release|Any CPU
		{D76795BE-2348-40A4-B300-0628D950ECFA}.Release|x86.Build.0 = Release|Any CPU
		{7682D0F1-A820-455E-90B7-08AFE5985C36}.Debug|Any CPU.ActiveCfg = Debug|Any CPU
		{7682D0F1-A820-455E-90B7-08AFE5985C36}.Debug|Any CPU.Build.0 = Debug|Any CPU
		{7682D0F1-A820-455E-90B7-08AFE5985C36}.Debug|x64.ActiveCfg = Debug|Any CPU
		{7682D0F1-A820-455E-90B7-08AFE5985C36}.Debug|x64.Build.0 = Debug|Any CPU
		{7682D0F1-A820-455E-90B7-08AFE5985C36}.Debug|x86.ActiveCfg = Debug|Any CPU
		{7682D0F1-A820-455E-90B7-08AFE5985C36}.Debug|x86.Build.0 = Debug|Any CPU
		{7682D0F1-A820-455E-90B7-08AFE5985C36}.Release|Any CPU.ActiveCfg = Release|Any CPU
		{7682D0F1-A820-455E-90B7-08AFE5985C36}.Release|Any CPU.Build.0 = Release|Any CPU
		{7682D0F1-A820-455E-90B7-08AFE5985C36}.Release|x64.ActiveCfg = Release|Any CPU
		{7682D0F1-A820-455E-90B7-08AFE5985C36}.Release|x64.Build.0 = Release|Any CPU
		{7682D0F1-A820-455E-90B7-08AFE5985C36}.Release|x86.ActiveCfg = Release|Any CPU
		{7682D0F1-A820-455E-90B7-08AFE5985C36}.Release|x86.Build.0 = Release|Any CPU
		{F5B6B189-75E4-4139-92E9-0AB0052B9A10}.Debug|Any CPU.ActiveCfg = Debug|Any CPU
		{F5B6B189-75E4-4139-92E9-0AB0052B9A10}.Debug|Any CPU.Build.0 = Debug|Any CPU
		{F5B6B189-75E4-4139-92E9-0AB0052B9A10}.Debug|x64.ActiveCfg = Debug|Any CPU
		{F5B6B189-75E4-4139-92E9-0AB0052B9A10}.Debug|x64.Build.0 = Debug|Any CPU
		{F5B6B189-75E4-4139-92E9-0AB0052B9A10}.Debug|x86.ActiveCfg = Debug|Any CPU
		{F5B6B189-75E4-4139-92E9-0AB0052B9A10}.Debug|x86.Build.0 = Debug|Any CPU
		{F5B6B189-75E4-4139-92E9-0AB0052B9A10}.Release|Any CPU.ActiveCfg = Release|Any CPU
		{F5B6B189-75E4-4139-92E9-0AB0052B9A10}.Release|Any CPU.Build.0 = Release|Any CPU
		{F5B6B189-75E4-4139-92E9-0AB0052B9A10}.Release|x64.ActiveCfg = Release|Any CPU
		{F5B6B189-75E4-4139-92E9-0AB0052B9A10}.Release|x64.Build.0 = Release|Any CPU
		{F5B6B189-75E4-4139-92E9-0AB0052B9A10}.Release|x86.ActiveCfg = Release|Any CPU
		{F5B6B189-75E4-4139-92E9-0AB0052B9A10}.Release|x86.Build.0 = Release|Any CPU
		{5F401BD0-B4D0-4579-9937-E3E81552A687}.Debug|Any CPU.ActiveCfg = Debug|Any CPU
		{5F401BD0-B4D0-4579-9937-E3E81552A687}.Debug|Any CPU.Build.0 = Debug|Any CPU
		{5F401BD0-B4D0-4579-9937-E3E81552A687}.Debug|x64.ActiveCfg = Debug|Any CPU
		{5F401BD0-B4D0-4579-9937-E3E81552A687}.Debug|x64.Build.0 = Debug|Any CPU
		{5F401BD0-B4D0-4579-9937-E3E81552A687}.Debug|x86.ActiveCfg = Debug|Any CPU
		{5F401BD0-B4D0-4579-9937-E3E81552A687}.Debug|x86.Build.0 = Debug|Any CPU
		{5F401BD0-B4D0-4579-9937-E3E81552A687}.Release|Any CPU.ActiveCfg = Release|Any CPU
		{5F401BD0-B4D0-4579-9937-E3E81552A687}.Release|Any CPU.Build.0 = Release|Any CPU
		{5F401BD0-B4D0-4579-9937-E3E81552A687}.Release|x64.ActiveCfg = Release|Any CPU
		{5F401BD0-B4D0-4579-9937-E3E81552A687}.Release|x64.Build.0 = Release|Any CPU
		{5F401BD0-B4D0-4579-9937-E3E81552A687}.Release|x86.ActiveCfg = Release|Any CPU
		{5F401BD0-B4D0-4579-9937-E3E81552A687}.Release|x86.Build.0 = Release|Any CPU
	EndGlobalSection
	GlobalSection(SolutionProperties) = preSolution
		HideSolutionNode = FALSE
	EndGlobalSection
	GlobalSection(NestedProjects) = preSolution
		{D76795BE-2348-40A4-B300-0628D950ECFA} = {827E0CD3-B72D-47B6-A68D-7590B98EB39B}
		{7682D0F1-A820-455E-90B7-08AFE5985C36} = {827E0CD3-B72D-47B6-A68D-7590B98EB39B}
		{F5B6B189-75E4-4139-92E9-0AB0052B9A10} = {827E0CD3-B72D-47B6-A68D-7590B98EB39B}
		{5F401BD0-B4D0-4579-9937-E3E81552A687} = {827E0CD3-B72D-47B6-A68D-7590B98EB39B}
	EndGlobalSection
EndGlobal
